
Microsoft Visual Studio Solution File, Format Version 12.00
# Visual Studio 15
Project("{FAE04EC0-301F-11D3-BF4B-00C04F79EFBC}") = "Assembly-CSharp", "Assembly-CSharp.csproj", "{CEC983C7-D8AC-1383-7E9E-308F4CEE67DE}"
EndProject
Global
	GlobalSection(SolutionConfigurationPlatforms) = preSolution
		Debug|Any CPU = Debug|Any CPU
		Release|Any CPU = Release|Any CPU
	EndGlobalSection
	GlobalSection(ProjectConfigurationPlatforms) = postSolution
		{CEC983C7-D8AC-1383-7E9E-308F4CEE67DE}.Debug|Any CPU.ActiveCfg = Debug|Any CPU
		{CEC983C7-D8AC-1383-7E9E-308F4CEE67DE}.Debug|Any CPU.Build.0 = Debug|Any CPU
		{CEC983C7-D8AC-1383-7E9E-308F4CEE67DE}.Release|Any CPU.ActiveCfg = Release|Any CPU
		{CEC983C7-D8AC-1383-7E9E-308F4CEE67DE}.Release|Any CPU.Build.0 = Release|Any CPU
	EndGlobalSection
	GlobalSection(SolutionProperties) = preSolution
		HideSolutionNode = FALSE
	EndGlobalSection
EndGlobal
